// !$*UTF8*$!
{
	archiveVersion = 1;
	classes = {
	};
	objectVersion = 51;
	objects = {

/* Begin PBXBuildFile section */
		0A00BE3A26C02678001C7CD5 /* LoginRepository.swift in Sources */ = {isa = PBXBuildFile; fileRef = 0A00BE3926C02678001C7CD5 /* LoginRepository.swift */; };
		0A00BE3D26C026B2001C7CD5 /* WriteView.swift in Sources */ = {isa = PBXBuildFile; fileRef = 0A00BE3C26C026B2001C7CD5 /* WriteView.swift */; };
		0A05D8C526BAD2160030333A /* URLs.swift in Sources */ = {isa = PBXBuildFile; fileRef = 0A05D8C426BAD2160030333A /* URLs.swift */; };
		0A10A3F726DB69A600490E96 /* LoungeViewModel.swift in Sources */ = {isa = PBXBuildFile; fileRef = 0A10A3F626DB69A600490E96 /* LoungeViewModel.swift */; };
		0A10A3FA26DB69DB00490E96 /* LoungeRepository.swift in Sources */ = {isa = PBXBuildFile; fileRef = 0A10A3F926DB69DB00490E96 /* LoungeRepository.swift */; };
		0A1A7A5826E3454E00E98406 /* AsyncImage.swift in Sources */ = {isa = PBXBuildFile; fileRef = 0A1A7A5726E3454E00E98406 /* AsyncImage.swift */; };
		0A1DF13026C5930E00BC58E1 /* DrawerView.swift in Sources */ = {isa = PBXBuildFile; fileRef = 0A1DF12F26C5930E00BC58E1 /* DrawerView.swift */; };
		0A1DF13326C5955500BC58E1 /* LoungeView.swift in Sources */ = {isa = PBXBuildFile; fileRef = 0A1DF13226C5955500BC58E1 /* LoungeView.swift */; };
		0A1F585026DA02D9006CECE6 /* WriteViewModel.swift in Sources */ = {isa = PBXBuildFile; fileRef = 0A1F584F26DA02D9006CECE6 /* WriteViewModel.swift */; };
		0A1F585326DA265A006CECE6 /* LoginView.swift in Sources */ = {isa = PBXBuildFile; fileRef = 0A1F585226DA265A006CECE6 /* LoginView.swift */; };
		0A2232AD26EE2F19009B7585 /* PostDetailViewModel.swift in Sources */ = {isa = PBXBuildFile; fileRef = 0A2232AC26EE2F19009B7585 /* PostDetailViewModel.swift */; };
		0A24102B2694CF030007E5EB /* Preview Content in Resources */ = {isa = PBXBuildFile; fileRef = 0A24102A2694CF020007E5EB /* Preview Content */; };
		0A25FB2026E128B900794D5C /* CardView.swift in Sources */ = {isa = PBXBuildFile; fileRef = 0A25FB1F26E128B900794D5C /* CardView.swift */; };
		0A2B1F9B26DE798D00C52E73 /* GroupFindView.swift in Sources */ = {isa = PBXBuildFile; fileRef = 0A2B1F9A26DE798D00C52E73 /* GroupFindView.swift */; };
		0A2B1F9E26DE79AF00C52E73 /* CreateGroupView.swift in Sources */ = {isa = PBXBuildFile; fileRef = 0A2B1F9D26DE79AF00C52E73 /* CreateGroupView.swift */; };
		0A2B1FA126DE79FD00C52E73 /* NotJoinedGroupView.swift in Sources */ = {isa = PBXBuildFile; fileRef = 0A2B1FA026DE79FD00C52E73 /* NotJoinedGroupView.swift */; };
		0A30045826DBC0F500123C55 /* PostItem.swift in Sources */ = {isa = PBXBuildFile; fileRef = 0A30045726DBC0F500123C55 /* PostItem.swift */; };
		0A30045B26DBC25900123C55 /* GroupItem.swift in Sources */ = {isa = PBXBuildFile; fileRef = 0A30045A26DBC25900123C55 /* GroupItem.swift */; };
		0A32EB1D26BE5178006A5295 /* LoginViewModel.swift in Sources */ = {isa = PBXBuildFile; fileRef = 0A32EB1C26BE5178006A5295 /* LoginViewModel.swift */; };
		0A32EB2126BE642B006A5295 /* RegisterViewModel.swift in Sources */ = {isa = PBXBuildFile; fileRef = 0A32EB2026BE642B006A5295 /* RegisterViewModel.swift */; };
		0A32EB2526BE7B7B006A5295 /* User.swift in Sources */ = {isa = PBXBuildFile; fileRef = 0A32EB2426BE7B7B006A5295 /* User.swift */; };
		0A32EB2926BE7C55006A5295 /* ApiService.swift in Sources */ = {isa = PBXBuildFile; fileRef = 0A32EB2826BE7C55006A5295 /* ApiService.swift */; };
		0A3A395326C558BD0068FCE3 /* DrawerViewModel.swift in Sources */ = {isa = PBXBuildFile; fileRef = 0A3A395226C558BD0068FCE3 /* DrawerViewModel.swift */; };
		0A3A395626C558EF0068FCE3 /* DrawerStatus.swift in Sources */ = {isa = PBXBuildFile; fileRef = 0A3A395526C558EF0068FCE3 /* DrawerStatus.swift */; };
		0A3A395926C5594F0068FCE3 /* DrawerDefine.swift in Sources */ = {isa = PBXBuildFile; fileRef = 0A3A395826C5594F0068FCE3 /* DrawerDefine.swift */; };
		0A3A395C26C559830068FCE3 /* MainContainer.swift in Sources */ = {isa = PBXBuildFile; fileRef = 0A3A395B26C559830068FCE3 /* MainContainer.swift */; };
		0A3A395F26C559D90068FCE3 /* DrawerContainer.swift in Sources */ = {isa = PBXBuildFile; fileRef = 0A3A395E26C559D90068FCE3 /* DrawerContainer.swift */; };
		0A3EBB3926CC01F200AFE90A /* CollapsingNavigationBarView.swift in Sources */ = {isa = PBXBuildFile; fileRef = 0A3EBB3826CC01F200AFE90A /* CollapsingNavigationBarView.swift */; };
		0A450FA926C8B81200365F19 /* GroupDetailView.swift in Sources */ = {isa = PBXBuildFile; fileRef = 0A450FA826C8B81200365F19 /* GroupDetailView.swift */; };
		0A6324D726E7B4F100D574C9 /* DateUtil.swift in Sources */ = {isa = PBXBuildFile; fileRef = 0A6324D626E7B4F100D574C9 /* DateUtil.swift */; };
		0A7132B32470FEE80049F7FB /* Application.swift in Sources */ = {isa = PBXBuildFile; fileRef = 0A7132B22470FEE80049F7FB /* Application.swift */; };
		0A7132B52470FEE80049F7FB /* SceneDelegate.swift in Sources */ = {isa = PBXBuildFile; fileRef = 0A7132B42470FEE80049F7FB /* SceneDelegate.swift */; };
		0A7132B72470FEE80049F7FB /* ContentView.swift in Sources */ = {isa = PBXBuildFile; fileRef = 0A7132B62470FEE80049F7FB /* ContentView.swift */; };
		0A7132BC2470FEEC0049F7FB /* Assets.xcassets in Resources */ = {isa = PBXBuildFile; fileRef = 0A7132BB2470FEEC0049F7FB /* Assets.xcassets */; };
		0A964AF726ABFE0800FDB511 /* PostDetailView.swift in Sources */ = {isa = PBXBuildFile; fileRef = 0A964AF626ABFE0800FDB511 /* PostDetailView.swift */; };
		0ABB4A4226DBEB81000DB759 /* ImageItem.swift in Sources */ = {isa = PBXBuildFile; fileRef = 0ABB4A4126DBEB81000DB759 /* ImageItem.swift */; };
		0AC332DC26C4032400ACB62E /* RegisterRepository.swift in Sources */ = {isa = PBXBuildFile; fileRef = 0AC332DB26C4032400ACB62E /* RegisterRepository.swift */; };
		0AD3BE8B26B2ACC500E857B4 /* RegisterView.swift in Sources */ = {isa = PBXBuildFile; fileRef = 0AD3BE8A26B2ACC500E857B4 /* RegisterView.swift */; };
		0AD3BE8E26B2ACED00E857B4 /* MainView.swift in Sources */ = {isa = PBXBuildFile; fileRef = 0AD3BE8D26B2ACED00E857B4 /* MainView.swift */; };
		0AD3BE9126B2AD1C00E857B4 /* ChatView.swift in Sources */ = {isa = PBXBuildFile; fileRef = 0AD3BE9026B2AD1C00E857B4 /* ChatView.swift */; };
		0AD3BE9426B2AD3100E857B4 /* GroupView.swift in Sources */ = {isa = PBXBuildFile; fileRef = 0AD3BE9326B2AD3100E857B4 /* GroupView.swift */; };
		0AD3BE9726B2AD3F00E857B4 /* UserView.swift in Sources */ = {isa = PBXBuildFile; fileRef = 0AD3BE9626B2AD3F00E857B4 /* UserView.swift */; };
		DA8EF379A795494E56B4FAE6 /* Pods_Application.framework in Frameworks */ = {isa = PBXBuildFile; fileRef = 2DAE3DC38B91CDFC2AC84FEB /* Pods_Application.framework */; };
/* End PBXBuildFile section */

/* Begin PBXFileReference section */
		0A00BE3926C02678001C7CD5 /* LoginRepository.swift */ = {isa = PBXFileReference; lastKnownFileType = sourcecode.swift; path = LoginRepository.swift; sourceTree = "<group>"; };
		0A00BE3C26C026B2001C7CD5 /* WriteView.swift */ = {isa = PBXFileReference; lastKnownFileType = sourcecode.swift; path = WriteView.swift; sourceTree = "<group>"; };
		0A05D8C426BAD2160030333A /* URLs.swift */ = {isa = PBXFileReference; lastKnownFileType = sourcecode.swift; path = URLs.swift; sourceTree = "<group>"; };
		0A10A3F626DB69A600490E96 /* LoungeViewModel.swift */ = {isa = PBXFileReference; lastKnownFileType = sourcecode.swift; path = LoungeViewModel.swift; sourceTree = "<group>"; };
		0A10A3F926DB69DB00490E96 /* LoungeRepository.swift */ = {isa = PBXFileReference; lastKnownFileType = sourcecode.swift; path = LoungeRepository.swift; sourceTree = "<group>"; };
		0A1A7A5726E3454E00E98406 /* AsyncImage.swift */ = {isa = PBXFileReference; lastKnownFileType = sourcecode.swift; path = AsyncImage.swift; sourceTree = "<group>"; };
		0A1DF12F26C5930E00BC58E1 /* DrawerView.swift */ = {isa = PBXFileReference; lastKnownFileType = sourcecode.swift; path = DrawerView.swift; sourceTree = "<group>"; };
		0A1DF13226C5955500BC58E1 /* LoungeView.swift */ = {isa = PBXFileReference; lastKnownFileType = sourcecode.swift; path = LoungeView.swift; sourceTree = "<group>"; };
		0A1F584F26DA02D9006CECE6 /* WriteViewModel.swift */ = {isa = PBXFileReference; lastKnownFileType = sourcecode.swift; path = WriteViewModel.swift; sourceTree = "<group>"; };
		0A1F585226DA265A006CECE6 /* LoginView.swift */ = {isa = PBXFileReference; lastKnownFileType = sourcecode.swift; path = LoginView.swift; sourceTree = "<group>"; };
		0A2232AC26EE2F19009B7585 /* PostDetailViewModel.swift */ = {isa = PBXFileReference; lastKnownFileType = sourcecode.swift; path = PostDetailViewModel.swift; sourceTree = "<group>"; };
		0A24102A2694CF020007E5EB /* Preview Content */ = {isa = PBXFileReference; lastKnownFileType = folder; path = "Preview Content"; sourceTree = "<group>"; };
		0A25FB1F26E128B900794D5C /* CardView.swift */ = {isa = PBXFileReference; lastKnownFileType = sourcecode.swift; path = CardView.swift; sourceTree = "<group>"; };
		0A2B1F9A26DE798D00C52E73 /* GroupFindView.swift */ = {isa = PBXFileReference; lastKnownFileType = sourcecode.swift; path = GroupFindView.swift; sourceTree = "<group>"; };
		0A2B1F9D26DE79AF00C52E73 /* CreateGroupView.swift */ = {isa = PBXFileReference; lastKnownFileType = sourcecode.swift; path = CreateGroupView.swift; sourceTree = "<group>"; };
		0A2B1FA026DE79FD00C52E73 /* NotJoinedGroupView.swift */ = {isa = PBXFileReference; lastKnownFileType = sourcecode.swift; path = NotJoinedGroupView.swift; sourceTree = "<group>"; };
		0A30045726DBC0F500123C55 /* PostItem.swift */ = {isa = PBXFileReference; lastKnownFileType = sourcecode.swift; path = PostItem.swift; sourceTree = "<group>"; };
		0A30045A26DBC25900123C55 /* GroupItem.swift */ = {isa = PBXFileReference; lastKnownFileType = sourcecode.swift; path = GroupItem.swift; sourceTree = "<group>"; };
		0A32EB1C26BE5178006A5295 /* LoginViewModel.swift */ = {isa = PBXFileReference; lastKnownFileType = sourcecode.swift; path = LoginViewModel.swift; sourceTree = "<group>"; };
		0A32EB2026BE642B006A5295 /* RegisterViewModel.swift */ = {isa = PBXFileReference; lastKnownFileType = sourcecode.swift; path = RegisterViewModel.swift; sourceTree = "<group>"; };
		0A32EB2426BE7B7B006A5295 /* User.swift */ = {isa = PBXFileReference; lastKnownFileType = sourcecode.swift; path = User.swift; sourceTree = "<group>"; };
		0A32EB2826BE7C55006A5295 /* ApiService.swift */ = {isa = PBXFileReference; lastKnownFileType = sourcecode.swift; path = ApiService.swift; sourceTree = "<group>"; };
		0A3A395226C558BD0068FCE3 /* DrawerViewModel.swift */ = {isa = PBXFileReference; lastKnownFileType = sourcecode.swift; path = DrawerViewModel.swift; sourceTree = "<group>"; };
		0A3A395526C558EF0068FCE3 /* DrawerStatus.swift */ = {isa = PBXFileReference; lastKnownFileType = sourcecode.swift; path = DrawerStatus.swift; sourceTree = "<group>"; };
		0A3A395826C5594F0068FCE3 /* DrawerDefine.swift */ = {isa = PBXFileReference; lastKnownFileType = sourcecode.swift; path = DrawerDefine.swift; sourceTree = "<group>"; };
		0A3A395B26C559830068FCE3 /* MainContainer.swift */ = {isa = PBXFileReference; lastKnownFileType = sourcecode.swift; path = MainContainer.swift; sourceTree = "<group>"; };
		0A3A395E26C559D90068FCE3 /* DrawerContainer.swift */ = {isa = PBXFileReference; lastKnownFileType = sourcecode.swift; path = DrawerContainer.swift; sourceTree = "<group>"; };
		0A3EBB3826CC01F200AFE90A /* CollapsingNavigationBarView.swift */ = {isa = PBXFileReference; lastKnownFileType = sourcecode.swift; path = CollapsingNavigationBarView.swift; sourceTree = "<group>"; };
		0A450FA826C8B81200365F19 /* GroupDetailView.swift */ = {isa = PBXFileReference; lastKnownFileType = sourcecode.swift; path = GroupDetailView.swift; sourceTree = "<group>"; };
		0A6324D626E7B4F100D574C9 /* DateUtil.swift */ = {isa = PBXFileReference; lastKnownFileType = sourcecode.swift; path = DateUtil.swift; sourceTree = "<group>"; };
		0A7132AF2470FEE80049F7FB /* Application.app */ = {isa = PBXFileReference; explicitFileType = wrapper.application; includeInIndex = 0; path = Application.app; sourceTree = BUILT_PRODUCTS_DIR; };
		0A7132B22470FEE80049F7FB /* Application.swift */ = {isa = PBXFileReference; lastKnownFileType = sourcecode.swift; path = Application.swift; sourceTree = "<group>"; };
		0A7132B42470FEE80049F7FB /* SceneDelegate.swift */ = {isa = PBXFileReference; lastKnownFileType = sourcecode.swift; path = SceneDelegate.swift; sourceTree = "<group>"; };
		0A7132B62470FEE80049F7FB /* ContentView.swift */ = {isa = PBXFileReference; lastKnownFileType = sourcecode.swift; path = ContentView.swift; sourceTree = "<group>"; };
		0A7132BB2470FEEC0049F7FB /* Assets.xcassets */ = {isa = PBXFileReference; lastKnownFileType = folder.assetcatalog; path = Assets.xcassets; sourceTree = "<group>"; };
		0A7132C02470FEEC0049F7FB /* Info.plist */ = {isa = PBXFileReference; lastKnownFileType = text.plist.xml; path = Info.plist; sourceTree = "<group>"; };
		0A964AF626ABFE0800FDB511 /* PostDetailView.swift */ = {isa = PBXFileReference; lastKnownFileType = sourcecode.swift; path = PostDetailView.swift; sourceTree = "<group>"; };
		0ABB4A4126DBEB81000DB759 /* ImageItem.swift */ = {isa = PBXFileReference; lastKnownFileType = sourcecode.swift; path = ImageItem.swift; sourceTree = "<group>"; };
		0AC332DB26C4032400ACB62E /* RegisterRepository.swift */ = {isa = PBXFileReference; lastKnownFileType = sourcecode.swift; path = RegisterRepository.swift; sourceTree = "<group>"; };
		0AD3BE8A26B2ACC500E857B4 /* RegisterView.swift */ = {isa = PBXFileReference; lastKnownFileType = sourcecode.swift; path = RegisterView.swift; sourceTree = "<group>"; };
		0AD3BE8D26B2ACED00E857B4 /* MainView.swift */ = {isa = PBXFileReference; lastKnownFileType = sourcecode.swift; path = MainView.swift; sourceTree = "<group>"; };
		0AD3BE9026B2AD1C00E857B4 /* ChatView.swift */ = {isa = PBXFileReference; lastKnownFileType = sourcecode.swift; path = ChatView.swift; sourceTree = "<group>"; };
		0AD3BE9326B2AD3100E857B4 /* GroupView.swift */ = {isa = PBXFileReference; lastKnownFileType = sourcecode.swift; path = GroupView.swift; sourceTree = "<group>"; };
		0AD3BE9626B2AD3F00E857B4 /* UserView.swift */ = {isa = PBXFileReference; lastKnownFileType = sourcecode.swift; path = UserView.swift; sourceTree = "<group>"; };
		2DAE3DC38B91CDFC2AC84FEB /* Pods_Application.framework */ = {isa = PBXFileReference; explicitFileType = wrapper.framework; includeInIndex = 0; path = Pods_Application.framework; sourceTree = BUILT_PRODUCTS_DIR; };
		5441B96A9188ED8082534360 /* Pods-Application.debug.xcconfig */ = {isa = PBXFileReference; includeInIndex = 1; lastKnownFileType = text.xcconfig; name = "Pods-Application.debug.xcconfig"; path = "Target Support Files/Pods-Application/Pods-Application.debug.xcconfig"; sourceTree = "<group>"; };
		8AB759196684A05A031DD138 /* Pods-Application.release.xcconfig */ = {isa = PBXFileReference; includeInIndex = 1; lastKnownFileType = text.xcconfig; name = "Pods-Application.release.xcconfig"; path = "Target Support Files/Pods-Application/Pods-Application.release.xcconfig"; sourceTree = "<group>"; };
/* End PBXFileReference section */

/* Begin PBXFrameworksBuildPhase section */
		0A7132AC2470FEE80049F7FB /* Frameworks */ = {
			isa = PBXFrameworksBuildPhase;
			buildActionMask = 2147483647;
			files = (
				DA8EF379A795494E56B4FAE6 /* Pods_Application.framework in Frameworks */,
			);
			runOnlyForDeploymentPostprocessing = 0;
		};
/* End PBXFrameworksBuildPhase section */

/* Begin PBXGroup section */
		0A00A80F26BD78D500280CBD /* View */ = {
			isa = PBXGroup;
			children = (
				0A3A394D26C557AA0068FCE3 /* UI */,
				0AD3BE9626B2AD3F00E857B4 /* UserView.swift */,
				0AD3BE9326B2AD3100E857B4 /* GroupView.swift */,
				0AD3BE9026B2AD1C00E857B4 /* ChatView.swift */,
				0AD3BE8D26B2ACED00E857B4 /* MainView.swift */,
				0AD3BE8A26B2ACC500E857B4 /* RegisterView.swift */,
				0A7132B62470FEE80049F7FB /* ContentView.swift */,
				0A964AF626ABFE0800FDB511 /* PostDetailView.swift */,
				0A00BE3C26C026B2001C7CD5 /* WriteView.swift */,
				0A1DF12F26C5930E00BC58E1 /* DrawerView.swift */,
				0A1DF13226C5955500BC58E1 /* LoungeView.swift */,
				0A450FA826C8B81200365F19 /* GroupDetailView.swift */,
				0A1F585226DA265A006CECE6 /* LoginView.swift */,
				0A2B1F9A26DE798D00C52E73 /* GroupFindView.swift */,
				0A2B1F9D26DE79AF00C52E73 /* CreateGroupView.swift */,
				0A2B1FA026DE79FD00C52E73 /* NotJoinedGroupView.swift */,
			);
			path = View;
			sourceTree = "<group>";
		};
		0A00BE3826C02660001C7CD5 /* Data */ = {
			isa = PBXGroup;
			children = (
				0A00BE3926C02678001C7CD5 /* LoginRepository.swift */,
				0AC332DB26C4032400ACB62E /* RegisterRepository.swift */,
				0A10A3F926DB69DB00490E96 /* LoungeRepository.swift */,
			);
			path = Data;
			sourceTree = "<group>";
		};
		0A05D8C326BAD1A10030333A /* App */ = {
			isa = PBXGroup;
			children = (
				0A7132B22470FEE80049F7FB /* Application.swift */,
				0A05D8C426BAD2160030333A /* URLs.swift */,
			);
			path = App;
			sourceTree = "<group>";
		};
		0A1A7A5526E3401700E98406 /* AsyncImage */ = {
			isa = PBXGroup;
			children = (
				0A1A7A5726E3454E00E98406 /* AsyncImage.swift */,
			);
			path = AsyncImage;
			sourceTree = "<group>";
		};
		0A25FB1E26E128A500794D5C /* CardView */ = {
			isa = PBXGroup;
			children = (
				0A25FB1F26E128B900794D5C /* CardView.swift */,
			);
			path = CardView;
			sourceTree = "<group>";
		};
		0A32EB1B26BE515D006A5295 /* ViewModel */ = {
			isa = PBXGroup;
			children = (
				0A3A395226C558BD0068FCE3 /* DrawerViewModel.swift */,
				0A32EB1C26BE5178006A5295 /* LoginViewModel.swift */,
				0A32EB2026BE642B006A5295 /* RegisterViewModel.swift */,
				0A1F584F26DA02D9006CECE6 /* WriteViewModel.swift */,
				0A10A3F626DB69A600490E96 /* LoungeViewModel.swift */,
				0A2232AC26EE2F19009B7585 /* PostDetailViewModel.swift */,
			);
			path = ViewModel;
			sourceTree = "<group>";
		};
		0A32EB2326BE7B6B006A5295 /* Model */ = {
			isa = PBXGroup;
			children = (
				0A32EB2426BE7B7B006A5295 /* User.swift */,
				0A30045726DBC0F500123C55 /* PostItem.swift */,
				0A30045A26DBC25900123C55 /* GroupItem.swift */,
				0ABB4A4126DBEB81000DB759 /* ImageItem.swift */,
			);
			path = Model;
			sourceTree = "<group>";
		};
		0A32EB2726BE7C3B006A5295 /* Api */ = {
			isa = PBXGroup;
			children = (
				0A32EB2826BE7C55006A5295 /* ApiService.swift */,
			);
			path = Api;
			sourceTree = "<group>";
		};
		0A3A394D26C557AA0068FCE3 /* UI */ = {
			isa = PBXGroup;
			children = (
				0A1A7A5526E3401700E98406 /* AsyncImage */,
				0A25FB1E26E128A500794D5C /* CardView */,
				0A3EBB3726CC00E300AFE90A /* CollapsingNavigationBar */,
				0A3A394E26C557F20068FCE3 /* Drawer */,
			);
			path = UI;
			sourceTree = "<group>";
		};
		0A3A394E26C557F20068FCE3 /* Drawer */ = {
			isa = PBXGroup;
			children = (
				0A3A395526C558EF0068FCE3 /* DrawerStatus.swift */,
				0A3A395826C5594F0068FCE3 /* DrawerDefine.swift */,
				0A3A395B26C559830068FCE3 /* MainContainer.swift */,
				0A3A395E26C559D90068FCE3 /* DrawerContainer.swift */,
			);
			path = Drawer;
			sourceTree = "<group>";
		};
		0A3EBB3726CC00E300AFE90A /* CollapsingNavigationBar */ = {
			isa = PBXGroup;
			children = (
				0A3EBB3826CC01F200AFE90A /* CollapsingNavigationBarView.swift */,
			);
			path = CollapsingNavigationBar;
			sourceTree = "<group>";
		};
		0A6324D526E7B4D200D574C9 /* Util */ = {
			isa = PBXGroup;
			children = (
				0A6324D626E7B4F100D574C9 /* DateUtil.swift */,
			);
			path = Util;
			sourceTree = "<group>";
		};
		0A7132A62470FEE80049F7FB = {
			isa = PBXGroup;
			children = (
				0A7132B12470FEE80049F7FB /* Application */,
				0A7132B02470FEE80049F7FB /* Products */,
				EF4B9E9667440CECE700B3BC /* Pods */,
				A8C975259578E44012BE96C6 /* Frameworks */,
			);
			sourceTree = "<group>";
		};
		0A7132B02470FEE80049F7FB /* Products */ = {
			isa = PBXGroup;
			children = (
				0A7132AF2470FEE80049F7FB /* Application.app */,
			);
			name = Products;
			sourceTree = "<group>";
		};
		0A7132B12470FEE80049F7FB /* Application */ = {
			isa = PBXGroup;
			children = (
				0A6324D526E7B4D200D574C9 /* Util */,
				0A00BE3826C02660001C7CD5 /* Data */,
				0A32EB2726BE7C3B006A5295 /* Api */,
				0A32EB2326BE7B6B006A5295 /* Model */,
				0A32EB1B26BE515D006A5295 /* ViewModel */,
				0A00A80F26BD78D500280CBD /* View */,
				0A05D8C326BAD1A10030333A /* App */,
				0A24102A2694CF020007E5EB /* Preview Content */,
				0A7132B42470FEE80049F7FB /* SceneDelegate.swift */,
				0A7132BB2470FEEC0049F7FB /* Assets.xcassets */,
				0A7132C02470FEEC0049F7FB /* Info.plist */,
			);
			path = Application;
			sourceTree = "<group>";
		};
		A8C975259578E44012BE96C6 /* Frameworks */ = {
			isa = PBXGroup;
			children = (
				2DAE3DC38B91CDFC2AC84FEB /* Pods_Application.framework */,
			);
			name = Frameworks;
			sourceTree = "<group>";
		};
		EF4B9E9667440CECE700B3BC /* Pods */ = {
			isa = PBXGroup;
			children = (
				5441B96A9188ED8082534360 /* Pods-Application.debug.xcconfig */,
				8AB759196684A05A031DD138 /* Pods-Application.release.xcconfig */,
			);
			path = Pods;
			sourceTree = "<group>";
		};
/* End PBXGroup section */

/* Begin PBXNativeTarget section */
		0A7132AE2470FEE80049F7FB /* Application */ = {
			isa = PBXNativeTarget;
			buildConfigurationList = 0A7132D92470FEEC0049F7FB /* Build configuration list for PBXNativeTarget "Application" */;
			buildPhases = (
				A9ED8A561BD56776A31E4958 /* [CP] Check Pods Manifest.lock */,
				0A7132AB2470FEE80049F7FB /* Sources */,
				0A7132AC2470FEE80049F7FB /* Frameworks */,
				0A7132AD2470FEE80049F7FB /* Resources */,
				F1A0F6B2C9EAB842D751DD60 /* [CP] Embed Pods Frameworks */,
			);
			buildRules = (
			);
			dependencies = (
			);
			name = Application;
			productName = application;
			productReference = 0A7132AF2470FEE80049F7FB /* Application.app */;
			productType = "com.apple.product-type.application";
		};
/* End PBXNativeTarget section */

/* Begin PBXProject section */
		0A7132A72470FEE80049F7FB /* Project object */ = {
			isa = PBXProject;
			attributes = {
				LastSwiftUpdateCheck = 1140;
				LastUpgradeCheck = 1240;
				ORGANIZATIONNAME = "홍희표";
				TargetAttributes = {
					0A7132AE2470FEE80049F7FB = {
						CreatedOnToolsVersion = 11.4.1;
					};
				};
			};
			buildConfigurationList = 0A7132AA2470FEE80049F7FB /* Build configuration list for PBXProject "Application" */;
			compatibilityVersion = "Xcode 9.3";
			developmentRegion = en;
			hasScannedForEncodings = 0;
			knownRegions = (
				en,
				Base,
			);
			mainGroup = 0A7132A62470FEE80049F7FB;
			productRefGroup = 0A7132B02470FEE80049F7FB /* Products */;
			projectDirPath = "";
			projectRoot = "";
			targets = (
				0A7132AE2470FEE80049F7FB /* Application */,
			);
		};
/* End PBXProject section */

/* Begin PBXResourcesBuildPhase section */
		0A7132AD2470FEE80049F7FB /* Resources */ = {
			isa = PBXResourcesBuildPhase;
			buildActionMask = 2147483647;
			files = (
				0A24102B2694CF030007E5EB /* Preview Content in Resources */,
				0A7132BC2470FEEC0049F7FB /* Assets.xcassets in Resources */,
			);
			runOnlyForDeploymentPostprocessing = 0;
		};
/* End PBXResourcesBuildPhase section */

/* Begin PBXShellScriptBuildPhase section */
		A9ED8A561BD56776A31E4958 /* [CP] Check Pods Manifest.lock */ = {
			isa = PBXShellScriptBuildPhase;
			buildActionMask = 2147483647;
			files = (
			);
			inputFileListPaths = (
			);
			inputPaths = (
				"${PODS_PODFILE_DIR_PATH}/Podfile.lock",
				"${PODS_ROOT}/Manifest.lock",
			);
			name = "[CP] Check Pods Manifest.lock";
			outputFileListPaths = (
			);
			outputPaths = (
				"$(DERIVED_FILE_DIR)/Pods-Application-checkManifestLockResult.txt",
			);
			runOnlyForDeploymentPostprocessing = 0;
			shellPath = /bin/sh;
			shellScript = "diff \"${PODS_PODFILE_DIR_PATH}/Podfile.lock\" \"${PODS_ROOT}/Manifest.lock\" > /dev/null\nif [ $? != 0 ] ; then\n    # print error to STDERR\n    echo \"error: The sandbox is not in sync with the Podfile.lock. Run 'pod install' or update your CocoaPods installation.\" >&2\n    exit 1\nfi\n# This output is used by Xcode 'outputs' to avoid re-running this script phase.\necho \"SUCCESS\" > \"${SCRIPT_OUTPUT_FILE_0}\"\n";
			showEnvVarsInLog = 0;
		};
		F1A0F6B2C9EAB842D751DD60 /* [CP] Embed Pods Frameworks */ = {
			isa = PBXShellScriptBuildPhase;
			buildActionMask = 2147483647;
			files = (
			);
			inputFileListPaths = (
				"${PODS_ROOT}/Target Support Files/Pods-Application/Pods-Application-frameworks-${CONFIGURATION}-input-files.xcfilelist",
			);
			name = "[CP] Embed Pods Frameworks";
			outputFileListPaths = (
				"${PODS_ROOT}/Target Support Files/Pods-Application/Pods-Application-frameworks-${CONFIGURATION}-output-files.xcfilelist",
			);
			runOnlyForDeploymentPostprocessing = 0;
			shellPath = /bin/sh;
			shellScript = "\"${PODS_ROOT}/Target Support Files/Pods-Application/Pods-Application-frameworks.sh\"\n";
			showEnvVarsInLog = 0;
		};
/* End PBXShellScriptBuildPhase section */

/* Begin PBXSourcesBuildPhase section */
		0A7132AB2470FEE80049F7FB /* Sources */ = {
			isa = PBXSourcesBuildPhase;
			buildActionMask = 2147483647;
			files = (
				0A00BE3D26C026B2001C7CD5 /* WriteView.swift in Sources */,
				0A10A3F726DB69A600490E96 /* LoungeViewModel.swift in Sources */,
				0A32EB2526BE7B7B006A5295 /* User.swift in Sources */,
				0A1F585326DA265A006CECE6 /* LoginView.swift in Sources */,
				0AC332DC26C4032400ACB62E /* RegisterRepository.swift in Sources */,
				0A25FB2026E128B900794D5C /* CardView.swift in Sources */,
				0A1DF13026C5930E00BC58E1 /* DrawerView.swift in Sources */,
				0ABB4A4226DBEB81000DB759 /* ImageItem.swift in Sources */,
				0A3A395C26C559830068FCE3 /* MainContainer.swift in Sources */,
				0A2232AD26EE2F19009B7585 /* PostDetailViewModel.swift in Sources */,
				0A3A395626C558EF0068FCE3 /* DrawerStatus.swift in Sources */,
				0A2B1F9B26DE798D00C52E73 /* GroupFindView.swift in Sources */,
				0A3EBB3926CC01F200AFE90A /* CollapsingNavigationBarView.swift in Sources */,
				0A1DF13326C5955500BC58E1 /* LoungeView.swift in Sources */,
				0A450FA926C8B81200365F19 /* GroupDetailView.swift in Sources */,
				0A1F585026DA02D9006CECE6 /* WriteViewModel.swift in Sources */,
				0A964AF726ABFE0800FDB511 /* PostDetailView.swift in Sources */,
				0AD3BE8E26B2ACED00E857B4 /* MainView.swift in Sources */,
				0A32EB1D26BE5178006A5295 /* LoginViewModel.swift in Sources */,
				0A10A3FA26DB69DB00490E96 /* LoungeRepository.swift in Sources */,
				0AD3BE9426B2AD3100E857B4 /* GroupView.swift in Sources */,
				0A00BE3A26C02678001C7CD5 /* LoginRepository.swift in Sources */,
				0AD3BE8B26B2ACC500E857B4 /* RegisterView.swift in Sources */,
				0A30045B26DBC25900123C55 /* GroupItem.swift in Sources */,
				0A3A395F26C559D90068FCE3 /* DrawerContainer.swift in Sources */,
				0A30045826DBC0F500123C55 /* PostItem.swift in Sources */,
				0A3A395926C5594F0068FCE3 /* DrawerDefine.swift in Sources */,
				0A7132B72470FEE80049F7FB /* ContentView.swift in Sources */,
				0A05D8C526BAD2160030333A /* URLs.swift in Sources */,
				0A1A7A5826E3454E00E98406 /* AsyncImage.swift in Sources */,
				0A32EB2126BE642B006A5295 /* RegisterViewModel.swift in Sources */,
				0AD3BE9126B2AD1C00E857B4 /* ChatView.swift in Sources */,
				0A7132B32470FEE80049F7FB /* Application.swift in Sources */,
				0AD3BE9726B2AD3F00E857B4 /* UserView.swift in Sources */,
				0A3A395326C558BD0068FCE3 /* DrawerViewModel.swift in Sources */,
				0A2B1F9E26DE79AF00C52E73 /* CreateGroupView.swift in Sources */,
				0A2B1FA126DE79FD00C52E73 /* NotJoinedGroupView.swift in Sources */,
				0A6324D726E7B4F100D574C9 /* DateUtil.swift in Sources */,
				0A32EB2926BE7C55006A5295 /* ApiService.swift in Sources */,
				0A7132B52470FEE80049F7FB /* SceneDelegate.swift in Sources */,
			);
			runOnlyForDeploymentPostprocessing = 0;
		};
/* End PBXSourcesBuildPhase section */

/* Begin XCBuildConfiguration section */
		0A7132D72470FEEC0049F7FB /* Debug */ = {
			isa = XCBuildConfiguration;
			buildSettings = {
				ALWAYS_SEARCH_USER_PATHS = NO;
				CLANG_ANALYZER_NONNULL = YES;
				CLANG_ANALYZER_NUMBER_OBJECT_CONVERSION = YES_AGGRESSIVE;
				CLANG_CXX_LANGUAGE_STANDARD = "gnu++14";
				CLANG_CXX_LIBRARY = "libc++";
				CLANG_ENABLE_MODULES = YES;
				CLANG_ENABLE_OBJC_ARC = YES;
				CLANG_ENABLE_OBJC_WEAK = YES;
				CLANG_WARN_BLOCK_CAPTURE_AUTORELEASING = YES;
				CLANG_WARN_BOOL_CONVERSION = YES;
				CLANG_WARN_COMMA = YES;
				CLANG_WARN_CONSTANT_CONVERSION = YES;
				CLANG_WARN_DEPRECATED_OBJC_IMPLEMENTATIONS = YES;
				CLANG_WARN_DIRECT_OBJC_ISA_USAGE = YES_ERROR;
				CLANG_WARN_DOCUMENTATION_COMMENTS = YES;
				CLANG_WARN_EMPTY_BODY = YES;
				CLANG_WARN_ENUM_CONVERSION = YES;
				CLANG_WARN_INFINITE_RECURSION = YES;
				CLANG_WARN_INT_CONVERSION = YES;
				CLANG_WARN_NON_LITERAL_NULL_CONVERSION = YES;
				CLANG_WARN_OBJC_IMPLICIT_RETAIN_SELF = YES;
				CLANG_WARN_OBJC_LITERAL_CONVERSION = YES;
				CLANG_WARN_OBJC_ROOT_CLASS = YES_ERROR;
				CLANG_WARN_QUOTED_INCLUDE_IN_FRAMEWORK_HEADER = YES;
				CLANG_WARN_RANGE_LOOP_ANALYSIS = YES;
				CLANG_WARN_STRICT_PROTOTYPES = YES;
				CLANG_WARN_SUSPICIOUS_MOVE = YES;
				CLANG_WARN_UNGUARDED_AVAILABILITY = YES_AGGRESSIVE;
				CLANG_WARN_UNREACHABLE_CODE = YES;
				CLANG_WARN__DUPLICATE_METHOD_MATCH = YES;
				COPY_PHASE_STRIP = NO;
				DEBUG_INFORMATION_FORMAT = dwarf;
				ENABLE_STRICT_OBJC_MSGSEND = YES;
				ENABLE_TESTABILITY = YES;
				GCC_C_LANGUAGE_STANDARD = gnu11;
				GCC_DYNAMIC_NO_PIC = NO;
				GCC_NO_COMMON_BLOCKS = YES;
				GCC_OPTIMIZATION_LEVEL = 0;
				GCC_PREPROCESSOR_DEFINITIONS = (
					"DEBUG=1",
					"$(inherited)",
				);
				GCC_WARN_64_TO_32_BIT_CONVERSION = YES;
				GCC_WARN_ABOUT_RETURN_TYPE = YES_ERROR;
				GCC_WARN_UNDECLARED_SELECTOR = YES;
				GCC_WARN_UNINITIALIZED_AUTOS = YES_AGGRESSIVE;
				GCC_WARN_UNUSED_FUNCTION = YES;
				GCC_WARN_UNUSED_VARIABLE = YES;
				IPHONEOS_DEPLOYMENT_TARGET = 14.1;
				MTL_ENABLE_DEBUG_INFO = INCLUDE_SOURCE;
				MTL_FAST_MATH = YES;
				ONLY_ACTIVE_ARCH = YES;
				SDKROOT = iphoneos;
				SWIFT_ACTIVE_COMPILATION_CONDITIONS = DEBUG;
				SWIFT_OPTIMIZATION_LEVEL = "-Onone";
			};
			name = Debug;
		};
		0A7132D82470FEEC0049F7FB /* Release */ = {
			isa = XCBuildConfiguration;
			buildSettings = {
				ALWAYS_SEARCH_USER_PATHS = NO;
				CLANG_ANALYZER_NONNULL = YES;
				CLANG_ANALYZER_NUMBER_OBJECT_CONVERSION = YES_AGGRESSIVE;
				CLANG_CXX_LANGUAGE_STANDARD = "gnu++14";
				CLANG_CXX_LIBRARY = "libc++";
				CLANG_ENABLE_MODULES = YES;
				CLANG_ENABLE_OBJC_ARC = YES;
				CLANG_ENABLE_OBJC_WEAK = YES;
				CLANG_WARN_BLOCK_CAPTURE_AUTORELEASING = YES;
				CLANG_WARN_BOOL_CONVERSION = YES;
				CLANG_WARN_COMMA = YES;
				CLANG_WARN_CONSTANT_CONVERSION = YES;
				CLANG_WARN_DEPRECATED_OBJC_IMPLEMENTATIONS = YES;
				CLANG_WARN_DIRECT_OBJC_ISA_USAGE = YES_ERROR;
				CLANG_WARN_DOCUMENTATION_COMMENTS = YES;
				CLANG_WARN_EMPTY_BODY = YES;
				CLANG_WARN_ENUM_CONVERSION = YES;
				CLANG_WARN_INFINITE_RECURSION = YES;
				CLANG_WARN_INT_CONVERSION = YES;
				CLANG_WARN_NON_LITERAL_NULL_CONVERSION = YES;
				CLANG_WARN_OBJC_IMPLICIT_RETAIN_SELF = YES;
				CLANG_WARN_OBJC_LITERAL_CONVERSION = YES;
				CLANG_WARN_OBJC_ROOT_CLASS = YES_ERROR;
				CLANG_WARN_QUOTED_INCLUDE_IN_FRAMEWORK_HEADER = YES;
				CLANG_WARN_RANGE_LOOP_ANALYSIS = YES;
				CLANG_WARN_STRICT_PROTOTYPES = YES;
				CLANG_WARN_SUSPICIOUS_MOVE = YES;
				CLANG_WARN_UNGUARDED_AVAILABILITY = YES_AGGRESSIVE;
				CLANG_WARN_UNREACHABLE_CODE = YES;
				CLANG_WARN__DUPLICATE_METHOD_MATCH = YES;
				COPY_PHASE_STRIP = NO;
				DEBUG_INFORMATION_FORMAT = "dwarf-with-dsym";
				ENABLE_NS_ASSERTIONS = NO;
				ENABLE_STRICT_OBJC_MSGSEND = YES;
				GCC_C_LANGUAGE_STANDARD = gnu11;
				GCC_NO_COMMON_BLOCKS = YES;
				GCC_WARN_64_TO_32_BIT_CONVERSION = YES;
				GCC_WARN_ABOUT_RETURN_TYPE = YES_ERROR;
				GCC_WARN_UNDECLARED_SELECTOR = YES;
				GCC_WARN_UNINITIALIZED_AUTOS = YES_AGGRESSIVE;
				GCC_WARN_UNUSED_FUNCTION = YES;
				GCC_WARN_UNUSED_VARIABLE = YES;
				IPHONEOS_DEPLOYMENT_TARGET = 14.1;
				MTL_ENABLE_DEBUG_INFO = NO;
				MTL_FAST_MATH = YES;
				SDKROOT = iphoneos;
				SWIFT_COMPILATION_MODE = wholemodule;
				SWIFT_OPTIMIZATION_LEVEL = "-O";
				VALIDATE_PRODUCT = YES;
			};
			name = Release;
		};
		0A7132DA2470FEEC0049F7FB /* Debug */ = {
			isa = XCBuildConfiguration;
			baseConfigurationReference = 5441B96A9188ED8082534360 /* Pods-Application.debug.xcconfig */;
			buildSettings = {
				ASSETCATALOG_COMPILER_APPICON_NAME = AppIcon;
				CODE_SIGN_STYLE = Automatic;
				INFOPLIST_FILE = application/Info.plist;
				LD_RUNPATH_SEARCH_PATHS = (
					"$(inherited)",
					"@executable_path/Frameworks",
				);
				PRODUCT_BUNDLE_IDENTIFIER = com.hhp227.application;
				PRODUCT_NAME = "$(TARGET_NAME)";
				SWIFT_VERSION = 5.0;
				TARGETED_DEVICE_FAMILY = "1,2";
			};
			name = Debug;
		};
		0A7132DB2470FEEC0049F7FB /* Release */ = {
			isa = XCBuildConfiguration;
			baseConfigurationReference = 8AB759196684A05A031DD138 /* Pods-Application.release.xcconfig */;
			buildSettings = {
				ASSETCATALOG_COMPILER_APPICON_NAME = AppIcon;
				CODE_SIGN_STYLE = Automatic;
				INFOPLIST_FILE = application/Info.plist;
				LD_RUNPATH_SEARCH_PATHS = (
					"$(inherited)",
					"@executable_path/Frameworks",
				);
				PRODUCT_BUNDLE_IDENTIFIER = com.hhp227.application;
				PRODUCT_NAME = "$(TARGET_NAME)";
				SWIFT_VERSION = 5.0;
				TARGETED_DEVICE_FAMILY = "1,2";
			};
			name = Release;
		};
/* End XCBuildConfiguration section */

/* Begin XCConfigurationList section */
		0A7132AA2470FEE80049F7FB /* Build configuration list for PBXProject "Application" */ = {
			isa = XCConfigurationList;
			buildConfigurations = (
				0A7132D72470FEEC0049F7FB /* Debug */,
				0A7132D82470FEEC0049F7FB /* Release */,
			);
			defaultConfigurationIsVisible = 0;
			defaultConfigurationName = Release;
		};
		0A7132D92470FEEC0049F7FB /* Build configuration list for PBXNativeTarget "Application" */ = {
			isa = XCConfigurationList;
			buildConfigurations = (
				0A7132DA2470FEEC0049F7FB /* Debug */,
				0A7132DB2470FEEC0049F7FB /* Release */,
			);
			defaultConfigurationIsVisible = 0;
			defaultConfigurationName = Release;
		};
/* End XCConfigurationList section */
	};
	rootObject = 0A7132A72470FEE80049F7FB /* Project object */;
}
