// !$*UTF8*$!
{
	archiveVersion = 1;
	classes = {
	};
	objectVersion = 56;
	objects = {

/* Begin PBXBuildFile section */
		0A25D49C2917C8C000AD4546 /* User.swift in Sources */ = {isa = PBXBuildFile; fileRef = 0A25D49B2917C8C000AD4546 /* User.swift */; };
		0A25D49E2917CE9500AD4546 /* Resource.swift in Sources */ = {isa = PBXBuildFile; fileRef = 0A25D49D2917CE9500AD4546 /* Resource.swift */; };
		0A25D4A12917CF4100AD4546 /* ApiService.swift in Sources */ = {isa = PBXBuildFile; fileRef = 0A25D4A02917CF4100AD4546 /* ApiService.swift */; };
		0A25D4A32917D58D00AD4546 /* RegisterView.swift in Sources */ = {isa = PBXBuildFile; fileRef = 0A25D4A22917D58D00AD4546 /* RegisterView.swift */; };
		0A25D4A52917D5B800AD4546 /* RegisterViewModel.swift in Sources */ = {isa = PBXBuildFile; fileRef = 0A25D4A42917D5B800AD4546 /* RegisterViewModel.swift */; };
		0A409EAA2914063A0036BF69 /* URLs.swift in Sources */ = {isa = PBXBuildFile; fileRef = 0A409EA92914063A0036BF69 /* URLs.swift */; };
		0A573D8D291A8C29005E4434 /* DrawerViewModel.swift in Sources */ = {isa = PBXBuildFile; fileRef = 0A573D8C291A8C29005E4434 /* DrawerViewModel.swift */; };
		0A573D91291A8D4D005E4434 /* DrawerStatus.swift in Sources */ = {isa = PBXBuildFile; fileRef = 0A573D90291A8D4D005E4434 /* DrawerStatus.swift */; };
		0A573D93291A8DD1005E4434 /* DrawerDefine.swift in Sources */ = {isa = PBXBuildFile; fileRef = 0A573D92291A8DD1005E4434 /* DrawerDefine.swift */; };
		0A573D95291A8E4A005E4434 /* DrawerContainer.swift in Sources */ = {isa = PBXBuildFile; fileRef = 0A573D94291A8E4A005E4434 /* DrawerContainer.swift */; };
		0A573D97291A8FB7005E4434 /* DrawerView.swift in Sources */ = {isa = PBXBuildFile; fileRef = 0A573D96291A8FB7005E4434 /* DrawerView.swift */; };
		0A573D99291A8FF3005E4434 /* ProfileView.swift in Sources */ = {isa = PBXBuildFile; fileRef = 0A573D98291A8FF3005E4434 /* ProfileView.swift */; };
		0A62C43D29141D50008B9F59 /* MainView.swift in Sources */ = {isa = PBXBuildFile; fileRef = 0A62C43C29141D50008B9F59 /* MainView.swift */; };
		0A62C43F29141D8C008B9F59 /* LoginView.swift in Sources */ = {isa = PBXBuildFile; fileRef = 0A62C43E29141D8C008B9F59 /* LoginView.swift */; };
		0A62C44229142114008B9F59 /* InjectorUtils.swift in Sources */ = {isa = PBXBuildFile; fileRef = 0A62C44129142114008B9F59 /* InjectorUtils.swift */; };
		0A62C44529142261008B9F59 /* UserDefaultsManager.swift in Sources */ = {isa = PBXBuildFile; fileRef = 0A62C44429142261008B9F59 /* UserDefaultsManager.swift */; };
		0A62C44829142401008B9F59 /* ContentViewModel.swift in Sources */ = {isa = PBXBuildFile; fileRef = 0A62C44729142401008B9F59 /* ContentViewModel.swift */; };
		0AAD2BA52923D3B7001A0310 /* LoungeView.swift in Sources */ = {isa = PBXBuildFile; fileRef = 0AAD2BA42923D3B7001A0310 /* LoungeView.swift */; };
		0AAD2BA72923D40C001A0310 /* LoungeViewModel.swift in Sources */ = {isa = PBXBuildFile; fileRef = 0AAD2BA62923D40C001A0310 /* LoungeViewModel.swift */; };
		0AAD2BA92923D4FF001A0310 /* GroupListView.swift in Sources */ = {isa = PBXBuildFile; fileRef = 0AAD2BA82923D4FF001A0310 /* GroupListView.swift */; };
		0AAD2BAB2923D549001A0310 /* GroupListViewModel.swift in Sources */ = {isa = PBXBuildFile; fileRef = 0AAD2BAA2923D549001A0310 /* GroupListViewModel.swift */; };
		0AAD2BAD2923D609001A0310 /* FriendView.swift in Sources */ = {isa = PBXBuildFile; fileRef = 0AAD2BAC2923D609001A0310 /* FriendView.swift */; };
		0AAD2BAF2923D645001A0310 /* FriendViewModel.swift in Sources */ = {isa = PBXBuildFile; fileRef = 0AAD2BAE2923D645001A0310 /* FriendViewModel.swift */; };
		0AAD2BB12923D6DD001A0310 /* ChatListView.swift in Sources */ = {isa = PBXBuildFile; fileRef = 0AAD2BB02923D6DC001A0310 /* ChatListView.swift */; };
		0AAD2BB32923D721001A0310 /* ChatListViewModel.swift in Sources */ = {isa = PBXBuildFile; fileRef = 0AAD2BB22923D721001A0310 /* ChatListViewModel.swift */; };
		0ACE4E8629156D7100CD454F /* LoginViewModel.swift in Sources */ = {isa = PBXBuildFile; fileRef = 0ACE4E8529156D7100CD454F /* LoginViewModel.swift */; };
		0ACE4E8929156E3E00CD454F /* UserRepository.swift in Sources */ = {isa = PBXBuildFile; fileRef = 0ACE4E8829156E3E00CD454F /* UserRepository.swift */; };
		0AF55CD2290ECAB90045505E /* ApplicationApp.swift in Sources */ = {isa = PBXBuildFile; fileRef = 0AF55CD1290ECAB90045505E /* ApplicationApp.swift */; };
		0AF55CD4290ECAB90045505E /* ContentView.swift in Sources */ = {isa = PBXBuildFile; fileRef = 0AF55CD3290ECAB90045505E /* ContentView.swift */; };
		0AF55CD6290ECABC0045505E /* Assets.xcassets in Resources */ = {isa = PBXBuildFile; fileRef = 0AF55CD5290ECABC0045505E /* Assets.xcassets */; };
		0AF55CD9290ECABC0045505E /* Preview Assets.xcassets in Resources */ = {isa = PBXBuildFile; fileRef = 0AF55CD8290ECABC0045505E /* Preview Assets.xcassets */; };
/* End PBXBuildFile section */

/* Begin PBXFileReference section */
		0A25D49B2917C8C000AD4546 /* User.swift */ = {isa = PBXFileReference; lastKnownFileType = sourcecode.swift; path = User.swift; sourceTree = "<group>"; };
		0A25D49D2917CE9500AD4546 /* Resource.swift */ = {isa = PBXFileReference; lastKnownFileType = sourcecode.swift; path = Resource.swift; sourceTree = "<group>"; };
		0A25D4A02917CF4100AD4546 /* ApiService.swift */ = {isa = PBXFileReference; lastKnownFileType = sourcecode.swift; path = ApiService.swift; sourceTree = "<group>"; };
		0A25D4A22917D58D00AD4546 /* RegisterView.swift */ = {isa = PBXFileReference; lastKnownFileType = sourcecode.swift; path = RegisterView.swift; sourceTree = "<group>"; };
		0A25D4A42917D5B800AD4546 /* RegisterViewModel.swift */ = {isa = PBXFileReference; lastKnownFileType = sourcecode.swift; path = RegisterViewModel.swift; sourceTree = "<group>"; };
		0A409EA92914063A0036BF69 /* URLs.swift */ = {isa = PBXFileReference; lastKnownFileType = sourcecode.swift; path = URLs.swift; sourceTree = "<group>"; };
		0A573D8C291A8C29005E4434 /* DrawerViewModel.swift */ = {isa = PBXFileReference; lastKnownFileType = sourcecode.swift; path = DrawerViewModel.swift; sourceTree = "<group>"; };
		0A573D90291A8D4D005E4434 /* DrawerStatus.swift */ = {isa = PBXFileReference; lastKnownFileType = sourcecode.swift; path = DrawerStatus.swift; sourceTree = "<group>"; };
		0A573D92291A8DD1005E4434 /* DrawerDefine.swift */ = {isa = PBXFileReference; lastKnownFileType = sourcecode.swift; path = DrawerDefine.swift; sourceTree = "<group>"; };
		0A573D94291A8E4A005E4434 /* DrawerContainer.swift */ = {isa = PBXFileReference; lastKnownFileType = sourcecode.swift; path = DrawerContainer.swift; sourceTree = "<group>"; };
		0A573D96291A8FB7005E4434 /* DrawerView.swift */ = {isa = PBXFileReference; lastKnownFileType = sourcecode.swift; path = DrawerView.swift; sourceTree = "<group>"; };
		0A573D98291A8FF3005E4434 /* ProfileView.swift */ = {isa = PBXFileReference; lastKnownFileType = sourcecode.swift; path = ProfileView.swift; sourceTree = "<group>"; };
		0A62C43C29141D50008B9F59 /* MainView.swift */ = {isa = PBXFileReference; lastKnownFileType = sourcecode.swift; path = MainView.swift; sourceTree = "<group>"; };
		0A62C43E29141D8C008B9F59 /* LoginView.swift */ = {isa = PBXFileReference; lastKnownFileType = sourcecode.swift; path = LoginView.swift; sourceTree = "<group>"; };
		0A62C44129142114008B9F59 /* InjectorUtils.swift */ = {isa = PBXFileReference; lastKnownFileType = sourcecode.swift; path = InjectorUtils.swift; sourceTree = "<group>"; };
		0A62C44429142261008B9F59 /* UserDefaultsManager.swift */ = {isa = PBXFileReference; lastKnownFileType = sourcecode.swift; path = UserDefaultsManager.swift; sourceTree = "<group>"; };
		0A62C44729142401008B9F59 /* ContentViewModel.swift */ = {isa = PBXFileReference; lastKnownFileType = sourcecode.swift; path = ContentViewModel.swift; sourceTree = "<group>"; };
		0AAD2BA42923D3B7001A0310 /* LoungeView.swift */ = {isa = PBXFileReference; lastKnownFileType = sourcecode.swift; path = LoungeView.swift; sourceTree = "<group>"; };
		0AAD2BA62923D40C001A0310 /* LoungeViewModel.swift */ = {isa = PBXFileReference; lastKnownFileType = sourcecode.swift; path = LoungeViewModel.swift; sourceTree = "<group>"; };
		0AAD2BA82923D4FF001A0310 /* GroupListView.swift */ = {isa = PBXFileReference; lastKnownFileType = sourcecode.swift; path = GroupListView.swift; sourceTree = "<group>"; };
		0AAD2BAA2923D549001A0310 /* GroupListViewModel.swift */ = {isa = PBXFileReference; lastKnownFileType = sourcecode.swift; path = GroupListViewModel.swift; sourceTree = "<group>"; };
		0AAD2BAC2923D609001A0310 /* FriendView.swift */ = {isa = PBXFileReference; lastKnownFileType = sourcecode.swift; path = FriendView.swift; sourceTree = "<group>"; };
		0AAD2BAE2923D645001A0310 /* FriendViewModel.swift */ = {isa = PBXFileReference; lastKnownFileType = sourcecode.swift; path = FriendViewModel.swift; sourceTree = "<group>"; };
		0AAD2BB02923D6DC001A0310 /* ChatListView.swift */ = {isa = PBXFileReference; lastKnownFileType = sourcecode.swift; path = ChatListView.swift; sourceTree = "<group>"; };
		0AAD2BB22923D721001A0310 /* ChatListViewModel.swift */ = {isa = PBXFileReference; lastKnownFileType = sourcecode.swift; path = ChatListViewModel.swift; sourceTree = "<group>"; };
		0ACE4E8529156D7100CD454F /* LoginViewModel.swift */ = {isa = PBXFileReference; lastKnownFileType = sourcecode.swift; path = LoginViewModel.swift; sourceTree = "<group>"; };
		0ACE4E8829156E3E00CD454F /* UserRepository.swift */ = {isa = PBXFileReference; lastKnownFileType = sourcecode.swift; path = UserRepository.swift; sourceTree = "<group>"; };
		0AF55CCE290ECAB90045505E /* Application.app */ = {isa = PBXFileReference; explicitFileType = wrapper.application; includeInIndex = 0; path = Application.app; sourceTree = BUILT_PRODUCTS_DIR; };
		0AF55CD1290ECAB90045505E /* ApplicationApp.swift */ = {isa = PBXFileReference; lastKnownFileType = sourcecode.swift; path = ApplicationApp.swift; sourceTree = "<group>"; };
		0AF55CD3290ECAB90045505E /* ContentView.swift */ = {isa = PBXFileReference; lastKnownFileType = sourcecode.swift; path = ContentView.swift; sourceTree = "<group>"; };
		0AF55CD5290ECABC0045505E /* Assets.xcassets */ = {isa = PBXFileReference; lastKnownFileType = folder.assetcatalog; path = Assets.xcassets; sourceTree = "<group>"; };
		0AF55CD8290ECABC0045505E /* Preview Assets.xcassets */ = {isa = PBXFileReference; lastKnownFileType = folder.assetcatalog; path = "Preview Assets.xcassets"; sourceTree = "<group>"; };
/* End PBXFileReference section */

/* Begin PBXFrameworksBuildPhase section */
		0AF55CCB290ECAB90045505E /* Frameworks */ = {
			isa = PBXFrameworksBuildPhase;
			buildActionMask = 2147483647;
			files = (
			);
			runOnlyForDeploymentPostprocessing = 0;
		};
/* End PBXFrameworksBuildPhase section */

/* Begin PBXGroup section */
		0A25D49A2917C8AB00AD4546 /* Model */ = {
			isa = PBXGroup;
			children = (
				0A25D49B2917C8C000AD4546 /* User.swift */,
				0A25D49D2917CE9500AD4546 /* Resource.swift */,
			);
			path = Model;
			sourceTree = "<group>";
		};
		0A25D49F2917CF1800AD4546 /* Api */ = {
			isa = PBXGroup;
			children = (
				0A25D4A02917CF4100AD4546 /* ApiService.swift */,
			);
			path = Api;
			sourceTree = "<group>";
		};
		0A47759729102F34006C57C1 /* App */ = {
			isa = PBXGroup;
			children = (
				0AF55CD1290ECAB90045505E /* ApplicationApp.swift */,
				0A409EA92914063A0036BF69 /* URLs.swift */,
			);
			path = App;
			sourceTree = "<group>";
		};
		0A4FE7F72912A568003DAF3B /* View */ = {
			isa = PBXGroup;
			children = (
				0A573D8E291A8CFC005E4434 /* UI */,
				0AF55CD3290ECAB90045505E /* ContentView.swift */,
				0A62C43C29141D50008B9F59 /* MainView.swift */,
				0A62C43E29141D8C008B9F59 /* LoginView.swift */,
				0A25D4A22917D58D00AD4546 /* RegisterView.swift */,
				0A573D96291A8FB7005E4434 /* DrawerView.swift */,
				0A573D98291A8FF3005E4434 /* ProfileView.swift */,
				0AAD2BA42923D3B7001A0310 /* LoungeView.swift */,
				0AAD2BA82923D4FF001A0310 /* GroupListView.swift */,
				0AAD2BAC2923D609001A0310 /* FriendView.swift */,
				0AAD2BB02923D6DC001A0310 /* ChatListView.swift */,
			);
			path = View;
			sourceTree = "<group>";
		};
		0A573D8E291A8CFC005E4434 /* UI */ = {
			isa = PBXGroup;
			children = (
				0A573D8F291A8D21005E4434 /* Drawer */,
			);
			path = UI;
			sourceTree = "<group>";
		};
		0A573D8F291A8D21005E4434 /* Drawer */ = {
			isa = PBXGroup;
			children = (
				0A573D90291A8D4D005E4434 /* DrawerStatus.swift */,
				0A573D92291A8DD1005E4434 /* DrawerDefine.swift */,
				0A573D94291A8E4A005E4434 /* DrawerContainer.swift */,
			);
			path = Drawer;
			sourceTree = "<group>";
		};
		0A62C440291420D2008B9F59 /* Util */ = {
			isa = PBXGroup;
			children = (
				0A62C44129142114008B9F59 /* InjectorUtils.swift */,
			);
			path = Util;
			sourceTree = "<group>";
		};
		0A62C44329142253008B9F59 /* Helper */ = {
			isa = PBXGroup;
			children = (
				0A62C44429142261008B9F59 /* UserDefaultsManager.swift */,
			);
			path = Helper;
			sourceTree = "<group>";
		};
		0A62C446291423EB008B9F59 /* ViewModel */ = {
			isa = PBXGroup;
			children = (
				0A62C44729142401008B9F59 /* ContentViewModel.swift */,
				0ACE4E8529156D7100CD454F /* LoginViewModel.swift */,
				0A25D4A42917D5B800AD4546 /* RegisterViewModel.swift */,
				0A573D8C291A8C29005E4434 /* DrawerViewModel.swift */,
				0AAD2BA62923D40C001A0310 /* LoungeViewModel.swift */,
				0AAD2BAA2923D549001A0310 /* GroupListViewModel.swift */,
				0AAD2BAE2923D645001A0310 /* FriendViewModel.swift */,
				0AAD2BB22923D721001A0310 /* ChatListViewModel.swift */,
			);
			path = ViewModel;
			sourceTree = "<group>";
		};
		0ACE4E8729156E2D00CD454F /* Data */ = {
			isa = PBXGroup;
			children = (
				0ACE4E8829156E3E00CD454F /* UserRepository.swift */,
			);
			path = Data;
			sourceTree = "<group>";
		};
		0AF55CC5290ECAB80045505E = {
			isa = PBXGroup;
			children = (
				0AF55CD0290ECAB90045505E /* Application */,
				0AF55CCF290ECAB90045505E /* Products */,
			);
			sourceTree = "<group>";
		};
		0AF55CCF290ECAB90045505E /* Products */ = {
			isa = PBXGroup;
			children = (
				0AF55CCE290ECAB90045505E /* Application.app */,
			);
			name = Products;
			sourceTree = "<group>";
		};
		0AF55CD0290ECAB90045505E /* Application */ = {
			isa = PBXGroup;
			children = (
				0A25D49F2917CF1800AD4546 /* Api */,
				0A25D49A2917C8AB00AD4546 /* Model */,
				0ACE4E8729156E2D00CD454F /* Data */,
				0A62C446291423EB008B9F59 /* ViewModel */,
				0A62C44329142253008B9F59 /* Helper */,
				0A62C440291420D2008B9F59 /* Util */,
				0A4FE7F72912A568003DAF3B /* View */,
				0A47759729102F34006C57C1 /* App */,
				0AF55CD5290ECABC0045505E /* Assets.xcassets */,
				0AF55CD7290ECABC0045505E /* Preview Content */,
			);
			path = Application;
			sourceTree = "<group>";
		};
		0AF55CD7290ECABC0045505E /* Preview Content */ = {
			isa = PBXGroup;
			children = (
				0AF55CD8290ECABC0045505E /* Preview Assets.xcassets */,
			);
			path = "Preview Content";
			sourceTree = "<group>";
		};
/* End PBXGroup section */

/* Begin PBXNativeTarget section */
		0AF55CCD290ECAB90045505E /* Application */ = {
			isa = PBXNativeTarget;
			buildConfigurationList = 0AF55CDC290ECABC0045505E /* Build configuration list for PBXNativeTarget "Application" */;
			buildPhases = (
				0AF55CCA290ECAB90045505E /* Sources */,
				0AF55CCB290ECAB90045505E /* Frameworks */,
				0AF55CCC290ECAB90045505E /* Resources */,
			);
			buildRules = (
			);
			dependencies = (
			);
			name = Application;
			productName = Application;
			productReference = 0AF55CCE290ECAB90045505E /* Application.app */;
			productType = "com.apple.product-type.application";
		};
/* End PBXNativeTarget section */

/* Begin PBXProject section */
		0AF55CC6290ECAB80045505E /* Project object */ = {
			isa = PBXProject;
			attributes = {
				BuildIndependentTargetsInParallel = 1;
				LastSwiftUpdateCheck = 1400;
				LastUpgradeCheck = 1400;
				TargetAttributes = {
					0AF55CCD290ECAB90045505E = {
						CreatedOnToolsVersion = 14.0.1;
					};
				};
			};
			buildConfigurationList = 0AF55CC9290ECAB80045505E /* Build configuration list for PBXProject "Application" */;
			compatibilityVersion = "Xcode 14.0";
			developmentRegion = en;
			hasScannedForEncodings = 0;
			knownRegions = (
				en,
				Base,
			);
			mainGroup = 0AF55CC5290ECAB80045505E;
			productRefGroup = 0AF55CCF290ECAB90045505E /* Products */;
			projectDirPath = "";
			projectRoot = "";
			targets = (
				0AF55CCD290ECAB90045505E /* Application */,
			);
		};
/* End PBXProject section */

/* Begin PBXResourcesBuildPhase section */
		0AF55CCC290ECAB90045505E /* Resources */ = {
			isa = PBXResourcesBuildPhase;
			buildActionMask = 2147483647;
			files = (
				0AF55CD9290ECABC0045505E /* Preview Assets.xcassets in Resources */,
				0AF55CD6290ECABC0045505E /* Assets.xcassets in Resources */,
			);
			runOnlyForDeploymentPostprocessing = 0;
		};
/* End PBXResourcesBuildPhase section */

/* Begin PBXSourcesBuildPhase section */
		0AF55CCA290ECAB90045505E /* Sources */ = {
			isa = PBXSourcesBuildPhase;
			buildActionMask = 2147483647;
			files = (
				0A573D95291A8E4A005E4434 /* DrawerContainer.swift in Sources */,
				0A62C44829142401008B9F59 /* ContentViewModel.swift in Sources */,
				0AAD2BA72923D40C001A0310 /* LoungeViewModel.swift in Sources */,
				0A573D8D291A8C29005E4434 /* DrawerViewModel.swift in Sources */,
				0A573D97291A8FB7005E4434 /* DrawerView.swift in Sources */,
				0A573D91291A8D4D005E4434 /* DrawerStatus.swift in Sources */,
				0AAD2BAD2923D609001A0310 /* FriendView.swift in Sources */,
				0A25D4A52917D5B800AD4546 /* RegisterViewModel.swift in Sources */,
				0AF55CD4290ECAB90045505E /* ContentView.swift in Sources */,
				0A62C43D29141D50008B9F59 /* MainView.swift in Sources */,
				0A25D4A32917D58D00AD4546 /* RegisterView.swift in Sources */,
				0AAD2BAF2923D645001A0310 /* FriendViewModel.swift in Sources */,
				0AAD2BA92923D4FF001A0310 /* GroupListView.swift in Sources */,
				0A409EAA2914063A0036BF69 /* URLs.swift in Sources */,
				0AAD2BA52923D3B7001A0310 /* LoungeView.swift in Sources */,
				0A62C44529142261008B9F59 /* UserDefaultsManager.swift in Sources */,
				0A62C43F29141D8C008B9F59 /* LoginView.swift in Sources */,
				0AF55CD2290ECAB90045505E /* ApplicationApp.swift in Sources */,
				0A573D93291A8DD1005E4434 /* DrawerDefine.swift in Sources */,
				0A25D4A12917CF4100AD4546 /* ApiService.swift in Sources */,
				0AAD2BAB2923D549001A0310 /* GroupListViewModel.swift in Sources */,
				0A62C44229142114008B9F59 /* InjectorUtils.swift in Sources */,
				0ACE4E8929156E3E00CD454F /* UserRepository.swift in Sources */,
				0A25D49E2917CE9500AD4546 /* Resource.swift in Sources */,
				0AAD2BB12923D6DD001A0310 /* ChatListView.swift in Sources */,
				0ACE4E8629156D7100CD454F /* LoginViewModel.swift in Sources */,
				0A573D99291A8FF3005E4434 /* ProfileView.swift in Sources */,
				0AAD2BB32923D721001A0310 /* ChatListViewModel.swift in Sources */,
				0A25D49C2917C8C000AD4546 /* User.swift in Sources */,
			);
			runOnlyForDeploymentPostprocessing = 0;
		};
/* End PBXSourcesBuildPhase section */

/* Begin XCBuildConfiguration section */
		0AF55CDA290ECABC0045505E /* Debug */ = {
			isa = XCBuildConfiguration;
			buildSettings = {
				ALWAYS_SEARCH_USER_PATHS = NO;
				CLANG_ANALYZER_NONNULL = YES;
				CLANG_ANALYZER_NUMBER_OBJECT_CONVERSION = YES_AGGRESSIVE;
				CLANG_CXX_LANGUAGE_STANDARD = "gnu++20";
				CLANG_ENABLE_MODULES = YES;
				CLANG_ENABLE_OBJC_ARC = YES;
				CLANG_ENABLE_OBJC_WEAK = YES;
				CLANG_WARN_BLOCK_CAPTURE_AUTORELEASING = YES;
				CLANG_WARN_BOOL_CONVERSION = YES;
				CLANG_WARN_COMMA = YES;
				CLANG_WARN_CONSTANT_CONVERSION = YES;
				CLANG_WARN_DEPRECATED_OBJC_IMPLEMENTATIONS = YES;
				CLANG_WARN_DIRECT_OBJC_ISA_USAGE = YES_ERROR;
				CLANG_WARN_DOCUMENTATION_COMMENTS = YES;
				CLANG_WARN_EMPTY_BODY = YES;
				CLANG_WARN_ENUM_CONVERSION = YES;
				CLANG_WARN_INFINITE_RECURSION = YES;
				CLANG_WARN_INT_CONVERSION = YES;
				CLANG_WARN_NON_LITERAL_NULL_CONVERSION = YES;
				CLANG_WARN_OBJC_IMPLICIT_RETAIN_SELF = YES;
				CLANG_WARN_OBJC_LITERAL_CONVERSION = YES;
				CLANG_WARN_OBJC_ROOT_CLASS = YES_ERROR;
				CLANG_WARN_QUOTED_INCLUDE_IN_FRAMEWORK_HEADER = YES;
				CLANG_WARN_RANGE_LOOP_ANALYSIS = YES;
				CLANG_WARN_STRICT_PROTOTYPES = YES;
				CLANG_WARN_SUSPICIOUS_MOVE = YES;
				CLANG_WARN_UNGUARDED_AVAILABILITY = YES_AGGRESSIVE;
				CLANG_WARN_UNREACHABLE_CODE = YES;
				CLANG_WARN__DUPLICATE_METHOD_MATCH = YES;
				COPY_PHASE_STRIP = NO;
				DEBUG_INFORMATION_FORMAT = dwarf;
				ENABLE_STRICT_OBJC_MSGSEND = YES;
				ENABLE_TESTABILITY = YES;
				GCC_C_LANGUAGE_STANDARD = gnu11;
				GCC_DYNAMIC_NO_PIC = NO;
				GCC_NO_COMMON_BLOCKS = YES;
				GCC_OPTIMIZATION_LEVEL = 0;
				GCC_PREPROCESSOR_DEFINITIONS = (
					"DEBUG=1",
					"$(inherited)",
				);
				GCC_WARN_64_TO_32_BIT_CONVERSION = YES;
				GCC_WARN_ABOUT_RETURN_TYPE = YES_ERROR;
				GCC_WARN_UNDECLARED_SELECTOR = YES;
				GCC_WARN_UNINITIALIZED_AUTOS = YES_AGGRESSIVE;
				GCC_WARN_UNUSED_FUNCTION = YES;
				GCC_WARN_UNUSED_VARIABLE = YES;
				IPHONEOS_DEPLOYMENT_TARGET = 16.0;
				MTL_ENABLE_DEBUG_INFO = INCLUDE_SOURCE;
				MTL_FAST_MATH = YES;
				ONLY_ACTIVE_ARCH = YES;
				SDKROOT = iphoneos;
				SWIFT_ACTIVE_COMPILATION_CONDITIONS = DEBUG;
				SWIFT_OPTIMIZATION_LEVEL = "-Onone";
			};
			name = Debug;
		};
		0AF55CDB290ECABC0045505E /* Release */ = {
			isa = XCBuildConfiguration;
			buildSettings = {
				ALWAYS_SEARCH_USER_PATHS = NO;
				CLANG_ANALYZER_NONNULL = YES;
				CLANG_ANALYZER_NUMBER_OBJECT_CONVERSION = YES_AGGRESSIVE;
				CLANG_CXX_LANGUAGE_STANDARD = "gnu++20";
				CLANG_ENABLE_MODULES = YES;
				CLANG_ENABLE_OBJC_ARC = YES;
				CLANG_ENABLE_OBJC_WEAK = YES;
				CLANG_WARN_BLOCK_CAPTURE_AUTORELEASING = YES;
				CLANG_WARN_BOOL_CONVERSION = YES;
				CLANG_WARN_COMMA = YES;
				CLANG_WARN_CONSTANT_CONVERSION = YES;
				CLANG_WARN_DEPRECATED_OBJC_IMPLEMENTATIONS = YES;
				CLANG_WARN_DIRECT_OBJC_ISA_USAGE = YES_ERROR;
				CLANG_WARN_DOCUMENTATION_COMMENTS = YES;
				CLANG_WARN_EMPTY_BODY = YES;
				CLANG_WARN_ENUM_CONVERSION = YES;
				CLANG_WARN_INFINITE_RECURSION = YES;
				CLANG_WARN_INT_CONVERSION = YES;
				CLANG_WARN_NON_LITERAL_NULL_CONVERSION = YES;
				CLANG_WARN_OBJC_IMPLICIT_RETAIN_SELF = YES;
				CLANG_WARN_OBJC_LITERAL_CONVERSION = YES;
				CLANG_WARN_OBJC_ROOT_CLASS = YES_ERROR;
				CLANG_WARN_QUOTED_INCLUDE_IN_FRAMEWORK_HEADER = YES;
				CLANG_WARN_RANGE_LOOP_ANALYSIS = YES;
				CLANG_WARN_STRICT_PROTOTYPES = YES;
				CLANG_WARN_SUSPICIOUS_MOVE = YES;
				CLANG_WARN_UNGUARDED_AVAILABILITY = YES_AGGRESSIVE;
				CLANG_WARN_UNREACHABLE_CODE = YES;
				CLANG_WARN__DUPLICATE_METHOD_MATCH = YES;
				COPY_PHASE_STRIP = NO;
				DEBUG_INFORMATION_FORMAT = "dwarf-with-dsym";
				ENABLE_NS_ASSERTIONS = NO;
				ENABLE_STRICT_OBJC_MSGSEND = YES;
				GCC_C_LANGUAGE_STANDARD = gnu11;
				GCC_NO_COMMON_BLOCKS = YES;
				GCC_WARN_64_TO_32_BIT_CONVERSION = YES;
				GCC_WARN_ABOUT_RETURN_TYPE = YES_ERROR;
				GCC_WARN_UNDECLARED_SELECTOR = YES;
				GCC_WARN_UNINITIALIZED_AUTOS = YES_AGGRESSIVE;
				GCC_WARN_UNUSED_FUNCTION = YES;
				GCC_WARN_UNUSED_VARIABLE = YES;
				IPHONEOS_DEPLOYMENT_TARGET = 16.0;
				MTL_ENABLE_DEBUG_INFO = NO;
				MTL_FAST_MATH = YES;
				SDKROOT = iphoneos;
				SWIFT_COMPILATION_MODE = wholemodule;
				SWIFT_OPTIMIZATION_LEVEL = "-O";
				VALIDATE_PRODUCT = YES;
			};
			name = Release;
		};
		0AF55CDD290ECABC0045505E /* Debug */ = {
			isa = XCBuildConfiguration;
			buildSettings = {
				ASSETCATALOG_COMPILER_APPICON_NAME = AppIcon;
				ASSETCATALOG_COMPILER_GLOBAL_ACCENT_COLOR_NAME = AccentColor;
				CODE_SIGN_STYLE = Automatic;
				CURRENT_PROJECT_VERSION = 1;
				DEVELOPMENT_ASSET_PATHS = "\"Application/Preview Content\"";
				DEVELOPMENT_TEAM = W345THX6Y6;
				ENABLE_PREVIEWS = YES;
				GENERATE_INFOPLIST_FILE = YES;
				INFOPLIST_FILE = Application/Info.plist;
				INFOPLIST_KEY_UIApplicationSceneManifest_Generation = YES;
				INFOPLIST_KEY_UIApplicationSupportsIndirectInputEvents = YES;
				INFOPLIST_KEY_UILaunchScreen_Generation = YES;
				INFOPLIST_KEY_UISupportedInterfaceOrientations_iPad = "UIInterfaceOrientationPortrait UIInterfaceOrientationPortraitUpsideDown UIInterfaceOrientationLandscapeLeft UIInterfaceOrientationLandscapeRight";
				INFOPLIST_KEY_UISupportedInterfaceOrientations_iPhone = "UIInterfaceOrientationPortrait UIInterfaceOrientationLandscapeLeft UIInterfaceOrientationLandscapeRight";
				LD_RUNPATH_SEARCH_PATHS = (
					"$(inherited)",
					"@executable_path/Frameworks",
				);
				MARKETING_VERSION = 1.0;
				PRODUCT_BUNDLE_IDENTIFIER = com.hhp227.Application;
				PRODUCT_NAME = "$(TARGET_NAME)";
				SWIFT_EMIT_LOC_STRINGS = YES;
				SWIFT_VERSION = 5.0;
				TARGETED_DEVICE_FAMILY = "1,2";
			};
			name = Debug;
		};
		0AF55CDE290ECABC0045505E /* Release */ = {
			isa = XCBuildConfiguration;
			buildSettings = {
				ASSETCATALOG_COMPILER_APPICON_NAME = AppIcon;
				ASSETCATALOG_COMPILER_GLOBAL_ACCENT_COLOR_NAME = AccentColor;
				CODE_SIGN_STYLE = Automatic;
				CURRENT_PROJECT_VERSION = 1;
				DEVELOPMENT_ASSET_PATHS = "\"Application/Preview Content\"";
				DEVELOPMENT_TEAM = W345THX6Y6;
				ENABLE_PREVIEWS = YES;
				GENERATE_INFOPLIST_FILE = YES;
				INFOPLIST_FILE = Application/Info.plist;
				INFOPLIST_KEY_UIApplicationSceneManifest_Generation = YES;
				INFOPLIST_KEY_UIApplicationSupportsIndirectInputEvents = YES;
				INFOPLIST_KEY_UILaunchScreen_Generation = YES;
				INFOPLIST_KEY_UISupportedInterfaceOrientations_iPad = "UIInterfaceOrientationPortrait UIInterfaceOrientationPortraitUpsideDown UIInterfaceOrientationLandscapeLeft UIInterfaceOrientationLandscapeRight";
				INFOPLIST_KEY_UISupportedInterfaceOrientations_iPhone = "UIInterfaceOrientationPortrait UIInterfaceOrientationLandscapeLeft UIInterfaceOrientationLandscapeRight";
				LD_RUNPATH_SEARCH_PATHS = (
					"$(inherited)",
					"@executable_path/Frameworks",
				);
				MARKETING_VERSION = 1.0;
				PRODUCT_BUNDLE_IDENTIFIER = com.hhp227.Application;
				PRODUCT_NAME = "$(TARGET_NAME)";
				SWIFT_EMIT_LOC_STRINGS = YES;
				SWIFT_VERSION = 5.0;
				TARGETED_DEVICE_FAMILY = "1,2";
			};
			name = Release;
		};
/* End XCBuildConfiguration section */

/* Begin XCConfigurationList section */
		0AF55CC9290ECAB80045505E /* Build configuration list for PBXProject "Application" */ = {
			isa = XCConfigurationList;
			buildConfigurations = (
				0AF55CDA290ECABC0045505E /* Debug */,
				0AF55CDB290ECABC0045505E /* Release */,
			);
			defaultConfigurationIsVisible = 0;
			defaultConfigurationName = Release;
		};
		0AF55CDC290ECABC0045505E /* Build configuration list for PBXNativeTarget "Application" */ = {
			isa = XCConfigurationList;
			buildConfigurations = (
				0AF55CDD290ECABC0045505E /* Debug */,
				0AF55CDE290ECABC0045505E /* Release */,
			);
			defaultConfigurationIsVisible = 0;
			defaultConfigurationName = Release;
		};
/* End XCConfigurationList section */
	};
	rootObject = 0AF55CC6290ECAB80045505E /* Project object */;
}
